// !$*UTF8*$!
{
	archiveVersion = 1;
	classes = {
	};
	objectVersion = 46;
	objects = {

/* Begin PBXBuildFile section */
		A2632C0D1B75022C00A00D41 /* main.m in Sources */ = {isa = PBXBuildFile; fileRef = A2632C0C1B75022C00A00D41 /* main.m */; };
		A2632C101B75022C00A00D41 /* JFAppDelegate.m in Sources */ = {isa = PBXBuildFile; fileRef = A2632C0F1B75022C00A00D41 /* JFAppDelegate.m */; };
		A2632C181B75022C00A00D41 /* Images.xcassets in Resources */ = {isa = PBXBuildFile; fileRef = A2632C171B75022C00A00D41 /* Images.xcassets */; };
		A2632C271B75022C00A00D41 /* JFParallaxViewTests.m in Sources */ = {isa = PBXBuildFile; fileRef = A2632C261B75022C00A00D41 /* JFParallaxViewTests.m */; };
		A2632C331B7505EF00A00D41 /* JFRootViewController.m in Sources */ = {isa = PBXBuildFile; fileRef = A2632C321B7505EF00A00D41 /* JFRootViewController.m */; };
		A2632C3C1B75197100A00D41 /* UIScrollView+JFParallaxView.m in Sources */ = {isa = PBXBuildFile; fileRef = A2632C3A1B75197100A00D41 /* UIScrollView+JFParallaxView.m */; };
		A2632C3F1B75199700A00D41 /* UIView+JFParallaxView.m in Sources */ = {isa = PBXBuildFile; fileRef = A2632C3E1B75199700A00D41 /* UIView+JFParallaxView.m */; };
/* End PBXBuildFile section */

/* Begin PBXContainerItemProxy section */
		A2632C211B75022C00A00D41 /* PBXContainerItemProxy */ = {
			isa = PBXContainerItemProxy;
			containerPortal = A2632BFF1B75022C00A00D41 /* Project object */;
			proxyType = 1;
			remoteGlobalIDString = A2632C061B75022C00A00D41;
			remoteInfo = JFParallaxView;
		};
/* End PBXContainerItemProxy section */

/* Begin PBXFileReference section */
		A2632C071B75022C00A00D41 /* JFParallaxView.app */ = {isa = PBXFileReference; explicitFileType = wrapper.application; includeInIndex = 0; path = JFParallaxView.app; sourceTree = BUILT_PRODUCTS_DIR; };
		A2632C0B1B75022C00A00D41 /* Info.plist */ = {isa = PBXFileReference; lastKnownFileType = text.plist.xml; path = Info.plist; sourceTree = "<group>"; };
		A2632C0C1B75022C00A00D41 /* main.m */ = {isa = PBXFileReference; lastKnownFileType = sourcecode.c.objc; path = main.m; sourceTree = "<group>"; };
		A2632C0E1B75022C00A00D41 /* JFAppDelegate.h */ = {isa = PBXFileReference; lastKnownFileType = sourcecode.c.h; path = JFAppDelegate.h; sourceTree = "<group>"; };
		A2632C0F1B75022C00A00D41 /* JFAppDelegate.m */ = {isa = PBXFileReference; lastKnownFileType = sourcecode.c.objc; path = JFAppDelegate.m; sourceTree = "<group>"; };
		A2632C171B75022C00A00D41 /* Images.xcassets */ = {isa = PBXFileReference; lastKnownFileType = folder.assetcatalog; path = Images.xcassets; sourceTree = "<group>"; };
		A2632C201B75022C00A00D41 /* JFParallaxViewTests.xctest */ = {isa = PBXFileReference; explicitFileType = wrapper.cfbundle; includeInIndex = 0; path = JFParallaxViewTests.xctest; sourceTree = BUILT_PRODUCTS_DIR; };
		A2632C251B75022C00A00D41 /* Info.plist */ = {isa = PBXFileReference; lastKnownFileType = text.plist.xml; path = Info.plist; sourceTree = "<group>"; };
		A2632C261B75022C00A00D41 /* JFParallaxViewTests.m */ = {isa = PBXFileReference; lastKnownFileType = sourcecode.c.objc; path = JFParallaxViewTests.m; sourceTree = "<group>"; };
		A2632C311B7505EF00A00D41 /* JFRootViewController.h */ = {isa = PBXFileReference; fileEncoding = 4; lastKnownFileType = sourcecode.c.h; name = JFRootViewController.h; path = "Root View Controller/JFRootViewController.h"; sourceTree = "<group>"; };
		A2632C321B7505EF00A00D41 /* JFRootViewController.m */ = {isa = PBXFileReference; fileEncoding = 4; lastKnownFileType = sourcecode.c.objc; name = JFRootViewController.m; path = "Root View Controller/JFRootViewController.m"; sourceTree = "<group>"; };
		A2632C391B75197100A00D41 /* UIScrollView+JFParallaxView.h */ = {isa = PBXFileReference; fileEncoding = 4; lastKnownFileType = sourcecode.c.h; path = "UIScrollView+JFParallaxView.h"; sourceTree = "<group>"; };
		A2632C3A1B75197100A00D41 /* UIScrollView+JFParallaxView.m */ = {isa = PBXFileReference; fileEncoding = 4; lastKnownFileType = sourcecode.c.objc; path = "UIScrollView+JFParallaxView.m"; sourceTree = "<group>"; };
		A2632C3D1B75199700A00D41 /* UIView+JFParallaxView.h */ = {isa = PBXFileReference; fileEncoding = 4; lastKnownFileType = sourcecode.c.h; path = "UIView+JFParallaxView.h"; sourceTree = "<group>"; };
		A2632C3E1B75199700A00D41 /* UIView+JFParallaxView.m */ = {isa = PBXFileReference; fileEncoding = 4; lastKnownFileType = sourcecode.c.objc; path = "UIView+JFParallaxView.m"; sourceTree = "<group>"; };
/* End PBXFileReference section */

/* Begin PBXFrameworksBuildPhase section */
		A2632C041B75022C00A00D41 /* Frameworks */ = {
			isa = PBXFrameworksBuildPhase;
			buildActionMask = 2147483647;
			files = (
			);
			runOnlyForDeploymentPostprocessing = 0;
		};
		A2632C1D1B75022C00A00D41 /* Frameworks */ = {
			isa = PBXFrameworksBuildPhase;
			buildActionMask = 2147483647;
			files = (
			);
			runOnlyForDeploymentPostprocessing = 0;
		};
/* End PBXFrameworksBuildPhase section */

/* Begin PBXGroup section */
		A2632BFE1B75022C00A00D41 = {
			isa = PBXGroup;
			children = (
				A2632C091B75022C00A00D41 /* JFParallaxView */,
				A2632C231B75022C00A00D41 /* JFParallaxViewTests */,
				A2632C081B75022C00A00D41 /* Products */,
			);
			sourceTree = "<group>";
		};
		A2632C081B75022C00A00D41 /* Products */ = {
			isa = PBXGroup;
			children = (
				A2632C071B75022C00A00D41 /* JFParallaxView.app */,
				A2632C201B75022C00A00D41 /* JFParallaxViewTests.xctest */,
			);
			name = Products;
			sourceTree = "<group>";
		};
		A2632C091B75022C00A00D41 /* JFParallaxView */ = {
			isa = PBXGroup;
			children = (
				A2632C171B75022C00A00D41 /* Images.xcassets */,
				A2632C0E1B75022C00A00D41 /* JFAppDelegate.h */,
				A2632C0F1B75022C00A00D41 /* JFAppDelegate.m */,
				A2632C341B75076C00A00D41 /* Parallax View */,
				A2632C301B75056900A00D41 /* Root View Controller */,
				A2632C0A1B75022C00A00D41 /* Supporting Files */,
			);
			path = JFParallaxView;
			sourceTree = "<group>";
		};
		A2632C0A1B75022C00A00D41 /* Supporting Files */ = {
			isa = PBXGroup;
			children = (
				A2632C0B1B75022C00A00D41 /* Info.plist */,
				A2632C0C1B75022C00A00D41 /* main.m */,
			);
			name = "Supporting Files";
			sourceTree = "<group>";
		};
		A2632C231B75022C00A00D41 /* JFParallaxViewTests */ = {
			isa = PBXGroup;
			children = (
				A2632C261B75022C00A00D41 /* JFParallaxViewTests.m */,
				A2632C241B75022C00A00D41 /* Supporting Files */,
			);
			path = JFParallaxViewTests;
			sourceTree = "<group>";
		};
		A2632C241B75022C00A00D41 /* Supporting Files */ = {
			isa = PBXGroup;
			children = (
				A2632C251B75022C00A00D41 /* Info.plist */,
			);
			name = "Supporting Files";
			sourceTree = "<group>";
		};
		A2632C301B75056900A00D41 /* Root View Controller */ = {
			isa = PBXGroup;
			children = (
				A2632C311B7505EF00A00D41 /* JFRootViewController.h */,
				A2632C321B7505EF00A00D41 /* JFRootViewController.m */,
			);
			name = "Root View Controller";
			sourceTree = "<group>";
		};
		A2632C341B75076C00A00D41 /* Parallax View */ = {
			isa = PBXGroup;
			children = (
				A2632C381B75197100A00D41 /* UIScrollView+JFParallaxView */,
				A2632C3B1B75197100A00D41 /* UIView+JFParallaxView */,
			);
			name = "Parallax View";
			sourceTree = "<group>";
		};
		A2632C381B75197100A00D41 /* UIScrollView+JFParallaxView */ = {
			isa = PBXGroup;
			children = (
				A2632C391B75197100A00D41 /* UIScrollView+JFParallaxView.h */,
				A2632C3A1B75197100A00D41 /* UIScrollView+JFParallaxView.m */,
			);
			name = "UIScrollView+JFParallaxView";
			path = "JFParallaxView/UIScrollView+JFParallaxView";
			sourceTree = "<group>";
		};
		A2632C3B1B75197100A00D41 /* UIView+JFParallaxView */ = {
			isa = PBXGroup;
			children = (
				A2632C3D1B75199700A00D41 /* UIView+JFParallaxView.h */,
				A2632C3E1B75199700A00D41 /* UIView+JFParallaxView.m */,
			);
			name = "UIView+JFParallaxView";
			path = "JFParallaxView/UIView+JFParallaxView";
			sourceTree = "<group>";
		};
/* End PBXGroup section */

/* Begin PBXNativeTarget section */
		A2632C061B75022C00A00D41 /* JFParallaxView */ = {
			isa = PBXNativeTarget;
			buildConfigurationList = A2632C2A1B75022C00A00D41 /* Build configuration list for PBXNativeTarget "JFParallaxView" */;
			buildPhases = (
				A2632C031B75022C00A00D41 /* Sources */,
				A2632C041B75022C00A00D41 /* Frameworks */,
				A2632C051B75022C00A00D41 /* Resources */,
			);
			buildRules = (
			);
			dependencies = (
			);
			name = JFParallaxView;
			productName = JFParallaxView;
			productReference = A2632C071B75022C00A00D41 /* JFParallaxView.app */;
			productType = "com.apple.product-type.application";
		};
		A2632C1F1B75022C00A00D41 /* JFParallaxViewTests */ = {
			isa = PBXNativeTarget;
			buildConfigurationList = A2632C2D1B75022C00A00D41 /* Build configuration list for PBXNativeTarget "JFParallaxViewTests" */;
			buildPhases = (
				A2632C1C1B75022C00A00D41 /* Sources */,
				A2632C1D1B75022C00A00D41 /* Frameworks */,
				A2632C1E1B75022C00A00D41 /* Resources */,
			);
			buildRules = (
			);
			dependencies = (
				A2632C221B75022C00A00D41 /* PBXTargetDependency */,
			);
			name = JFParallaxViewTests;
			productName = JFParallaxViewTests;
			productReference = A2632C201B75022C00A00D41 /* JFParallaxViewTests.xctest */;
			productType = "com.apple.product-type.bundle.unit-test";
		};
/* End PBXNativeTarget section */

/* Begin PBXProject section */
		A2632BFF1B75022C00A00D41 /* Project object */ = {
			isa = PBXProject;
			attributes = {
				LastUpgradeCheck = 0640;
				ORGANIZATIONNAME = "Jeremy Fuellert";
				TargetAttributes = {
					A2632C061B75022C00A00D41 = {
						CreatedOnToolsVersion = 6.4;
					};
					A2632C1F1B75022C00A00D41 = {
						CreatedOnToolsVersion = 6.4;
						TestTargetID = A2632C061B75022C00A00D41;
					};
				};
			};
			buildConfigurationList = A2632C021B75022C00A00D41 /* Build configuration list for PBXProject "JFParallaxView" */;
			compatibilityVersion = "Xcode 3.2";
			developmentRegion = English;
			hasScannedForEncodings = 0;
			knownRegions = (
				en,
				Base,
			);
			mainGroup = A2632BFE1B75022C00A00D41;
			productRefGroup = A2632C081B75022C00A00D41 /* Products */;
			projectDirPath = "";
			projectRoot = "";
			targets = (
				A2632C061B75022C00A00D41 /* JFParallaxView */,
				A2632C1F1B75022C00A00D41 /* JFParallaxViewTests */,
			);
		};
/* End PBXProject section */

/* Begin PBXResourcesBuildPhase section */
		A2632C051B75022C00A00D41 /* Resources */ = {
			isa = PBXResourcesBuildPhase;
			buildActionMask = 2147483647;
			files = (
				A2632C181B75022C00A00D41 /* Images.xcassets in Resources */,
			);
			runOnlyForDeploymentPostprocessing = 0;
		};
		A2632C1E1B75022C00A00D41 /* Resources */ = {
			isa = PBXResourcesBuildPhase;
			buildActionMask = 2147483647;
			files = (
			);
			runOnlyForDeploymentPostprocessing = 0;
		};
/* End PBXResourcesBuildPhase section */

/* Begin PBXSourcesBuildPhase section */
		A2632C031B75022C00A00D41 /* Sources */ = {
			isa = PBXSourcesBuildPhase;
			buildActionMask = 2147483647;
			files = (
				A2632C3F1B75199700A00D41 /* UIView+JFParallaxView.m in Sources */,
				A2632C101B75022C00A00D41 /* JFAppDelegate.m in Sources */,
				A2632C0D1B75022C00A00D41 /* main.m in Sources */,
				A2632C331B7505EF00A00D41 /* JFRootViewController.m in Sources */,
				A2632C3C1B75197100A00D41 /* UIScrollView+JFParallaxView.m in Sources */,
			);
			runOnlyForDeploymentPostprocessing = 0;
		};
		A2632C1C1B75022C00A00D41 /* Sources */ = {
			isa = PBXSourcesBuildPhase;
			buildActionMask = 2147483647;
			files = (
				A2632C271B75022C00A00D41 /* JFParallaxViewTests.m in Sources */,
			);
			runOnlyForDeploymentPostprocessing = 0;
		};
/* End PBXSourcesBuildPhase section */

/* Begin PBXTargetDependency section */
		A2632C221B75022C00A00D41 /* PBXTargetDependency */ = {
			isa = PBXTargetDependency;
			target = A2632C061B75022C00A00D41 /* JFParallaxView */;
			targetProxy = A2632C211B75022C00A00D41 /* PBXContainerItemProxy */;
		};
/* End PBXTargetDependency section */

/* Begin XCBuildConfiguration section */
		A2632C281B75022C00A00D41 /* Debug */ = {
			isa = XCBuildConfiguration;
			buildSettings = {
				ALWAYS_SEARCH_USER_PATHS = NO;
				CLANG_CXX_LANGUAGE_STANDARD = "gnu++0x";
				CLANG_CXX_LIBRARY = "libc++";
				CLANG_ENABLE_MODULES = YES;
				CLANG_ENABLE_OBJC_ARC = YES;
				CLANG_WARN_BOOL_CONVERSION = YES;
				CLANG_WARN_CONSTANT_CONVERSION = YES;
				CLANG_WARN_DIRECT_OBJC_ISA_USAGE = YES_ERROR;
				CLANG_WARN_EMPTY_BODY = YES;
				CLANG_WARN_ENUM_CONVERSION = YES;
				CLANG_WARN_INT_CONVERSION = YES;
				CLANG_WARN_OBJC_ROOT_CLASS = YES_ERROR;
				CLANG_WARN_UNREACHABLE_CODE = YES;
				CLANG_WARN__DUPLICATE_METHOD_MATCH = YES;
				"CODE_SIGN_IDENTITY[sdk=iphoneos*]" = "iPhone Developer";
				COPY_PHASE_STRIP = NO;
				DEBUG_INFORMATION_FORMAT = "dwarf-with-dsym";
				ENABLE_STRICT_OBJC_MSGSEND = YES;
				GCC_C_LANGUAGE_STANDARD = gnu99;
				GCC_DYNAMIC_NO_PIC = NO;
				GCC_NO_COMMON_BLOCKS = YES;
				GCC_OPTIMIZATION_LEVEL = 0;
				GCC_PREPROCESSOR_DEFINITIONS = (
					"DEBUG=1",
					"$(inherited)",
				);
				GCC_SYMBOLS_PRIVATE_EXTERN = NO;
				GCC_WARN_64_TO_32_BIT_CONVERSION = YES;
				GCC_WARN_ABOUT_RETURN_TYPE = YES_ERROR;
				GCC_WARN_UNDECLARED_SELECTOR = YES;
				GCC_WARN_UNINITIALIZED_AUTOS = YES_AGGRESSIVE;
				GCC_WARN_UNUSED_FUNCTION = YES;
				GCC_WARN_UNUSED_VARIABLE = YES;
				IPHONEOS_DEPLOYMENT_TARGET = 8.4;
				MTL_ENABLE_DEBUG_INFO = YES;
				ONLY_ACTIVE_ARCH = YES;
				SDKROOT = iphoneos;
				TARGETED_DEVICE_FAMILY = "1,2";
			};
			name = Debug;
		};
		A2632C291B75022C00A00D41 /* Release */ = {
			isa = XCBuildConfiguration;
			buildSettings = {
				ALWAYS_SEARCH_USER_PATHS = NO;
				CLANG_CXX_LANGUAGE_STANDARD = "gnu++0x";
				CLANG_CXX_LIBRARY = "libc++";
				CLANG_ENABLE_MODULES = YES;
				CLANG_ENABLE_OBJC_ARC = YES;
				CLANG_WARN_BOOL_CONVERSION = YES;
				CLANG_WARN_CONSTANT_CONVERSION = YES;
				CLANG_WARN_DIRECT_OBJC_ISA_USAGE = YES_ERROR;
				CLANG_WARN_EMPTY_BODY = YES;
				CLANG_WARN_ENUM_CONVERSION = YES;
				CLANG_WARN_INT_CONVERSION = YES;
				CLANG_WARN_OBJC_ROOT_CLASS = YES_ERROR;
				CLANG_WARN_UNREACHABLE_CODE = YES;
				CLANG_WARN__DUPLICATE_METHOD_MATCH = YES;
				"CODE_SIGN_IDENTITY[sdk=iphoneos*]" = "iPhone Developer";
				COPY_PHASE_STRIP = NO;
				DEBUG_INFORMATION_FORMAT = "dwarf-with-dsym";
				ENABLE_NS_ASSERTIONS = NO;
				ENABLE_STRICT_OBJC_MSGSEND = YES;
				GCC_C_LANGUAGE_STANDARD = gnu99;
				GCC_NO_COMMON_BLOCKS = YES;
				GCC_WARN_64_TO_32_BIT_CONVERSION = YES;
				GCC_WARN_ABOUT_RETURN_TYPE = YES_ERROR;
				GCC_WARN_UNDECLARED_SELECTOR = YES;
				GCC_WARN_UNINITIALIZED_AUTOS = YES_AGGRESSIVE;
				GCC_WARN_UNUSED_FUNCTION = YES;
				GCC_WARN_UNUSED_VARIABLE = YES;
				IPHONEOS_DEPLOYMENT_TARGET = 8.4;
				MTL_ENABLE_DEBUG_INFO = NO;
				SDKROOT = iphoneos;
				TARGETED_DEVICE_FAMILY = "1,2";
				VALIDATE_PRODUCT = YES;
			};
			name = Release;
		};
		A2632C2B1B75022C00A00D41 /* Debug */ = {
			isa = XCBuildConfiguration;
			buildSettings = {
				ASSETCATALOG_COMPILER_APPICON_NAME = AppIcon;
				INFOPLIST_FILE = JFParallaxView/Info.plist;
				IPHONEOS_DEPLOYMENT_TARGET = 6.0;
				LD_RUNPATH_SEARCH_PATHS = "$(inherited) @executable_path/Frameworks";
				PRODUCT_NAME = "$(TARGET_NAME)";
				TARGETED_DEVICE_FAMILY = 1;
			};
			name = Debug;
		};
		A2632C2C1B75022C00A00D41 /* Release */ = {
			isa = XCBuildConfiguration;
			buildSettings = {
				ASSETCATALOG_COMPILER_APPICON_NAME = AppIcon;
				INFOPLIST_FILE = JFParallaxView/Info.plist;
				IPHONEOS_DEPLOYMENT_TARGET = 6.0;
				LD_RUNPATH_SEARCH_PATHS = "$(inherited) @executable_path/Frameworks";
				PRODUCT_NAME = "$(TARGET_NAME)";
				TARGETED_DEVICE_FAMILY = 1;
			};
			name = Release;
		};
		A2632C2E1B75022C00A00D41 /* Debug */ = {
			isa = XCBuildConfiguration;
			buildSettings = {
				BUNDLE_LOADER = "$(TEST_HOST)";
				FRAMEWORK_SEARCH_PATHS = (
					"$(SDKROOT)/Developer/Library/Frameworks",
					"$(inherited)",
				);
				GCC_PREPROCESSOR_DEFINITIONS = (
					"DEBUG=1",
					"$(inherited)",
				);
				INFOPLIST_FILE = JFParallaxViewTests/Info.plist;
				LD_RUNPATH_SEARCH_PATHS = "$(inherited) @executable_path/Frameworks @loader_path/Frameworks";
				PRODUCT_NAME = "$(TARGET_NAME)";
				TEST_HOST = "$(BUILT_PRODUCTS_DIR)/JFParallaxView.app/JFParallaxView";
			};
			name = Debug;
		};
		A2632C2F1B75022C00A00D41 /* Release */ = {
			isa = XCBuildConfiguration;
			buildSettings = {
				BUNDLE_LOADER = "$(TEST_HOST)";
				FRAMEWORK_SEARCH_PATHS = (
					"$(SDKROOT)/Developer/Library/Frameworks",
					"$(inherited)",
				);
				INFOPLIST_FILE = JFParallaxViewTests/Info.plist;
				LD_RUNPATH_SEARCH_PATHS = "$(inherited) @executable_path/Frameworks @loader_path/Frameworks";
				PRODUCT_NAME = "$(TARGET_NAME)";
				TEST_HOST = "$(BUILT_PRODUCTS_DIR)/JFParallaxView.app/JFParallaxView";
			};
			name = Release;
		};
/* End XCBuildConfiguration section */

/* Begin XCConfigurationList section */
		A2632C021B75022C00A00D41 /* Build configuration list for PBXProject "JFParallaxView" */ = {
			isa = XCConfigurationList;
			buildConfigurations = (
				A2632C281B75022C00A00D41 /* Debug */,
				A2632C291B75022C00A00D41 /* Release */,
			);
			defaultConfigurationIsVisible = 0;
			defaultConfigurationName = Release;
		};
		A2632C2A1B75022C00A00D41 /* Build configuration list for PBXNativeTarget "JFParallaxView" */ = {
			isa = XCConfigurationList;
			buildConfigurations = (
				A2632C2B1B75022C00A00D41 /* Debug */,
				A2632C2C1B75022C00A00D41 /* Release */,
			);
			defaultConfigurationIsVisible = 0;
		};
		A2632C2D1B75022C00A00D41 /* Build configuration list for PBXNativeTarget "JFParallaxViewTests" */ = {
			isa = XCConfigurationList;
			buildConfigurations = (
				A2632C2E1B75022C00A00D41 /* Debug */,
				A2632C2F1B75022C00A00D41 /* Release */,
			);
			defaultConfigurationIsVisible = 0;
		};
/* End XCConfigurationList section */
	};
	rootObject = A2632BFF1B75022C00A00D41 /* Project object */;
}
